# THIS IS AN AUTOGENERATED FILE. DO NOT EDIT THIS FILE DIRECTLY.
# yarn lockfile v1


atom-linter@^9.0.1:
  version "9.0.1"
  resolved "https://registry.yarnpkg.com/atom-linter/-/atom-linter-9.0.1.tgz#8fa9bea01fd6a3f8d53ae2251d7b2a1c86f0b88d"
  dependencies:
    named-js-regexp "^1.3.1"
    sb-exec "^3.1.0"
    sb-promisify "^2.0.1"
    tmp "~0.0.28"

consistent-env@^1.2.0:
  version "1.3.0"
  resolved "https://registry.yarnpkg.com/consistent-env/-/consistent-env-1.3.0.tgz#8737304b1803a18a998c6075c7a09071a1ca926f"
  dependencies:
    lodash.uniq "^4.5.0"

lodash.uniq@^4.5.0:
  version "4.5.0"
  resolved "https://registry.yarnpkg.com/lodash.uniq/-/lodash.uniq-4.5.0.tgz#d0225373aeb652adc1bc82e4945339a842754773"

named-js-regexp@^1.3.1:
  version "1.3.2"
  resolved "https://registry.yarnpkg.com/named-js-regexp/-/named-js-regexp-1.3.2.tgz#967779b923c2381e243a97cb8a39413141def241"

os-tmpdir@~1.0.1:
  version "1.0.2"
  resolved "https://registry.yarnpkg.com/os-tmpdir/-/os-tmpdir-1.0.2.tgz#bbe67406c79aa85c5cfec766fe5734555dfa1274"

sb-exec@^3.1.0:
  version "3.1.0"
  resolved "https://registry.yarnpkg.com/sb-exec/-/sb-exec-3.1.0.tgz#34cc65088a116752eb720fddeff66d2c2e95ec51"
  dependencies:
    consistent-env "^1.2.0"
    lodash.uniq "^4.5.0"
    sb-npm-path "^2.0.0"

sb-memoize@^1.0.2:
  version "1.0.2"
  resolved "https://registry.yarnpkg.com/sb-memoize/-/sb-memoize-1.0.2.tgz#128375c62ddb9cc4ffa905d0c5a597c19baead8e"

sb-npm-path@^2.0.0:
  version "2.0.0"
  resolved "https://registry.yarnpkg.com/sb-npm-path/-/sb-npm-path-2.0.0.tgz#0f6cc2cf371debca7d936ed76b7d4c3cc1eb3d58"
  dependencies:
    sb-memoize "^1.0.2"
    sb-promisify "^2.0.1"

sb-promisify@^2.0.1:
  version "2.0.1"
  resolved "https://registry.yarnpkg.com/sb-promisify/-/sb-promisify-2.0.1.tgz#86c6cb4e1780c9b38c6fbe7e7873f8ab9677ce2a"

tmp@~0.0.28:
  version "0.0.31"
  resolved "https://registry.yarnpkg.com/tmp/-/tmp-0.0.31.tgz#8f38ab9438e17315e5dbd8b3657e8bfb277ae4a7"
  dependencies:
    os-tmpdir "~1.0.1"
